{
  "name": "tourticketsproject",
  "version": "1.0.0",
  "lockfileVersion": 1,
  "requires": true,
  "dependencies": {
    "@openzeppelin/contracts": {
      "version": "3.2.1-solc-0.7",
      "resolved": "https://registry.npmjs.org/@openzeppelin/contracts/-/contracts-3.2.1-solc-0.7.tgz",
      "integrity": "sha512-VfKZE9L2HNaZVBR7l5yHbRmap3EiVw9F5iVXRRDdgfnA9vQ1yFanrs0VYmdo2VIXC+EsI9wPPYZY9Ic7/qDBdw=="
    },
    "package-lock.json": {
      "version": "1.0.0",
      "resolved": "https://registry.npmjs.org/package-lock.json/-/package-lock.json-1.0.0.tgz",
      "integrity": "sha512-+yEXtNdlCs5N0Zy/9uvkifgf/RqnGu0WqP4j9Wu1Us4YReFe1YNBh2Krmf8B1xGxjpYnta63K55QP8bkafnOzA=="
    }
  }
}
